
Microsoft Visual Studio Solution File, Format Version 12.00
# Visual Studio Version 17
VisualStudioVersion = 17.2.32519.379
MinimumVisualStudioVersion = 10.0.40219.1
Project("{9A19103F-16F7-4668-BE54-9A1E7A4F7556}") = "Exercicio.Baralho", "exercicio Baralho\Exercicio.Baralho.csproj", "{69141739-A8F1-4E5C-A455-DC20410DCFC8}"
EndProject
Global
	GlobalSection(SolutionConfigurationPlatforms) = preSolution
		Debug|Any CPU = Debug|Any CPU
		Release|Any CPU = Release|Any CPU
	EndGlobalSection
	GlobalSection(ProjectConfigurationPlatforms) = postSolution
		{69141739-A8F1-4E5C-A455-DC20410DCFC8}.Debug|Any CPU.ActiveCfg = Debug|Any CPU
		{69141739-A8F1-4E5C-A455-DC20410DCFC8}.Debug|Any CPU.Build.0 = Debug|Any CPU
		{69141739-A8F1-4E5C-A455-DC20410DCFC8}.Release|Any CPU.ActiveCfg = Release|Any CPU
		{69141739-A8F1-4E5C-A455-DC20410DCFC8}.Release|Any CPU.Build.0 = Release|Any CPU
	EndGlobalSection
	GlobalSection(SolutionProperties) = preSolution
		HideSolutionNode = FALSE
	EndGlobalSection
	GlobalSection(ExtensibilityGlobals) = postSolution
		SolutionGuid = {E48D5E0F-58D6-4107-A68E-09B7E4D8FD45}
	EndGlobalSection
EndGlobal
